
Microsoft Visual Studio Solution File, Format Version 12.00
# Visual Studio Version 16
VisualStudioVersion = 16.0.31515.178
MinimumVisualStudioVersion = 10.0.40219.1
Project("{FAE04EC0-301F-11D3-BF4B-00C04F79EFBC}") = "IBA", "IBA\IBA.csproj", "{04D56C95-E280-45D1-8F84-9A6193FD2F41}"
EndProject
Project("{FAE04EC0-301F-11D3-BF4B-00C04F79EFBC}") = "EncryptDecrypt", "EncryptDecrypt\EncryptDecrypt.csproj", "{2E5BCE9A-2587-4E72-ADA1-B3DCFCFEF619}"
EndProject
Global
	GlobalSection(SolutionConfigurationPlatforms) = preSolution
		Debug|Any CPU = Debug|Any CPU
		Release|Any CPU = Release|Any CPU
	EndGlobalSection
	GlobalSection(ProjectConfigurationPlatforms) = postSolution
		{04D56C95-E280-45D1-8F84-9A6193FD2F41}.Debug|Any CPU.ActiveCfg = Debug|Any CPU
		{04D56C95-E280-45D1-8F84-9A6193FD2F41}.Debug|Any CPU.Build.0 = Debug|Any CPU
		{04D56C95-E280-45D1-8F84-9A6193FD2F41}.Release|Any CPU.ActiveCfg = Release|Any CPU
		{04D56C95-E280-45D1-8F84-9A6193FD2F41}.Release|Any CPU.Build.0 = Release|Any CPU
		{2E5BCE9A-2587-4E72-ADA1-B3DCFCFEF619}.Debug|Any CPU.ActiveCfg = Debug|Any CPU
		{2E5BCE9A-2587-4E72-ADA1-B3DCFCFEF619}.Debug|Any CPU.Build.0 = Debug|Any CPU
		{2E5BCE9A-2587-4E72-ADA1-B3DCFCFEF619}.Release|Any CPU.ActiveCfg = Release|Any CPU
		{2E5BCE9A-2587-4E72-ADA1-B3DCFCFEF619}.Release|Any CPU.Build.0 = Release|Any CPU
	EndGlobalSection
	GlobalSection(SolutionProperties) = preSolution
		HideSolutionNode = FALSE
	EndGlobalSection
	GlobalSection(ExtensibilityGlobals) = postSolution
		SolutionGuid = {DB781641-446C-46C4-B955-260525253043}
	EndGlobalSection
EndGlobal
